Microsoft Visual Studio Solution File, Format Version 12.00
# Visual Studio Version 17
VisualStudioVersion = 17.5.2.0
MinimumVisualStudioVersion = 10.0.40219.1
Project("{FAE04EC0-301F-11D3-BF4B-00C04F79EFBC}") = "HCI.AIAssistant.API", "HCI.AIAssistant.API.csproj", "{FEFDD85F-0393-2352-DA89-84423AFC9773}"
EndProject
Global
	GlobalSection(SolutionConfigurationPlatforms) = preSolution
		Debug|Any CPU = Debug|Any CPU
		Release|Any CPU = Release|Any CPU
	EndGlobalSection
	GlobalSection(ProjectConfigurationPlatforms) = postSolution
		{FEFDD85F-0393-2352-DA89-84423AFC9773}.Debug|Any CPU.ActiveCfg = Debug|Any CPU
		{FEFDD85F-0393-2352-DA89-84423AFC9773}.Debug|Any CPU.Build.0 = Debug|Any CPU
		{FEFDD85F-0393-2352-DA89-84423AFC9773}.Release|Any CPU.ActiveCfg = Release|Any CPU
		{FEFDD85F-0393-2352-DA89-84423AFC9773}.Release|Any CPU.Build.0 = Release|Any CPU
	EndGlobalSection
	GlobalSection(SolutionProperties) = preSolution
		HideSolutionNode = FALSE
	EndGlobalSection
	GlobalSection(ExtensibilityGlobals) = postSolution
		SolutionGuid = {877E5C11-69EC-4E59-B877-D773949F9B81}
	EndGlobalSection
EndGlobal
